
Microsoft Visual Studio Solution File, Format Version 12.00
# Visual Studio 2012
Project("{2150E333-8FDC-42A3-9474-1A3956D46DE8}") = "Events", "Events", "{6FCF9FCB-BA92-4006-BAC3-32F6D4EF73DD}"
EndProject
Project("{FAE04EC0-301F-11D3-BF4B-00C04F79EFBC}") = "Events", "Events\Events.csproj", "{92EE6FBE-908C-4F18-B044-7CED6D2CE3A2}"
EndProject
Project("{2150E333-8FDC-42A3-9474-1A3956D46DE8}") = "Interface", "Interface", "{8236DE8B-F2A3-4064-8095-BFC170215BCB}"
EndProject
Project("{FAE04EC0-301F-11D3-BF4B-00C04F79EFBC}") = "Interface", "Interface\Interface.csproj", "{31FBB60B-A875-4D46-84C1-279B128F42D2}"
EndProject
Project("{2150E333-8FDC-42A3-9474-1A3956D46DE8}") = "Reflection", "Reflection", "{AE8B3B19-AB53-40F9-8C87-CC54D3FE428F}"
EndProject
Project("{FAE04EC0-301F-11D3-BF4B-00C04F79EFBC}") = "Reflection", "Reflection\Reflection.csproj", "{B488DDE0-8B0E-4A54-9499-DC210CAFF119}"
EndProject
Project("{FAE04EC0-301F-11D3-BF4B-00C04F79EFBC}") = "Type", "Type\Type.csproj", "{9DE62F93-448C-4BC0-9CD2-D21D4CDF4566}"
EndProject
Project("{FAE04EC0-301F-11D3-BF4B-00C04F79EFBC}") = "typeof", "TypeOf\typeof.csproj", "{DBFCEA07-5184-4D2B-BD58-FB0A568EF479}"
EndProject
Project("{2150E333-8FDC-42A3-9474-1A3956D46DE8}") = "Control Statements", "Control Statements", "{EA8067E5-D38E-42B6-B4E3-97FF79398D52}"
EndProject
Project("{FAE04EC0-301F-11D3-BF4B-00C04F79EFBC}") = "YieldExample", "YieldExample\YieldExample.csproj", "{31457C8A-F956-4DD5-8F73-B630D5A4DF0B}"
EndProject
Project("{FAE04EC0-301F-11D3-BF4B-00C04F79EFBC}") = "YieldExample2", "YieldExample2\YieldExample2.csproj", "{25473A51-13D6-4413-B887-CBBD36B5FBEF}"
EndProject
Project("{2150E333-8FDC-42A3-9474-1A3956D46DE8}") = "Exception", "Exception", "{E1EB7335-CAA7-4E98-A48E-C0D32DCC9E76}"
EndProject
Project("{FAE04EC0-301F-11D3-BF4B-00C04F79EFBC}") = "ThrowStatment", "ThrowStatment\ThrowStatment.csproj", "{793FDE8B-E55B-49EB-8D39-1D1087BBC924}"
EndProject
Project("{2150E333-8FDC-42A3-9474-1A3956D46DE8}") = "Managing program flow", "Managing program flow", "{3A58CB87-CCC1-4F18-828C-1DB612158A55}"
EndProject
Project("{2150E333-8FDC-42A3-9474-1A3956D46DE8}") = "Implement Program Flow", "Implement Program Flow", "{D1E8AE00-A7DD-4CBE-90D2-A97B3DEFBABB}"
EndProject
Project("{FAE04EC0-301F-11D3-BF4B-00C04F79EFBC}") = "DecisionMakingStatements", "DecisionMakingStatements\DecisionMakingStatements.csproj", "{AA401428-974C-460F-9358-0B687E96157C}"
EndProject
Project("{2150E333-8FDC-42A3-9474-1A3956D46DE8}") = "Create and implement events and callbacks", "Create and implement events and callbacks", "{44D73184-6F0B-4D29-A034-925B2637EEEF}"
EndProject
Project("{FAE04EC0-301F-11D3-BF4B-00C04F79EFBC}") = "UnderstandingDelegates", "UnderstandingDelegates\UnderstandingDelegates.csproj", "{22C52140-5165-4816-81DC-B225EFD0817D}"
EndProject
Project("{2150E333-8FDC-42A3-9474-1A3956D46DE8}") = "IO", "IO", "{6761D87E-77F5-4F1B-B931-5528FDCBB373}"
EndProject
Project("{FAE04EC0-301F-11D3-BF4B-00C04F79EFBC}") = "Drives", "Drivers\Drives.csproj", "{1FCC8305-C58F-451B-B858-30BF1920BE8C}"
EndProject
Project("{FAE04EC0-301F-11D3-BF4B-00C04F79EFBC}") = "Directory", "Directory\Directory.csproj", "{6CD1A252-F3DB-4FA5-A5B5-A918F09022DB}"
EndProject
Project("{FAE04EC0-301F-11D3-BF4B-00C04F79EFBC}") = "Streams", "Streams\Streams.csproj", "{970378F5-FCDA-454F-AB9A-F73D5E1282B1}"
EndProject
Project("{FAE04EC0-301F-11D3-BF4B-00C04F79EFBC}") = "Network", "Network\Network.csproj", "{3A33E0D8-13DB-44EE-B82E-0D9B5323C564}"
EndProject
Project("{2150E333-8FDC-42A3-9474-1A3956D46DE8}") = "Async", "Async", "{EA3106E0-B45A-4ECC-863A-386C58B2E340}"
EndProject
Project("{FAE04EC0-301F-11D3-BF4B-00C04F79EFBC}") = "AsyncSample", "AsyncSample\AsyncSample.csproj", "{69446A7F-E2BB-45AD-A93F-7D14FA39BD37}"
EndProject
Project("{FAE04EC0-301F-11D3-BF4B-00C04F79EFBC}") = "HandleFileAsyncCode", "HandleFileAsyncCode\HandleFileAsyncCode.csproj", "{9772C923-B708-48B3-986E-EA9690521702}"
EndProject
Project("{2150E333-8FDC-42A3-9474-1A3956D46DE8}") = "ConsumeData", "ConsumeData", "{E1D0A821-7738-46ED-962E-7ABBF9D0E963}"
EndProject
Project("{FAE04EC0-301F-11D3-BF4B-00C04F79EFBC}") = "Database", "Database\Database.csproj", "{A0F3112F-36BF-462B-A2D8-42FD359816AB}"
EndProject
Project("{FAE04EC0-301F-11D3-BF4B-00C04F79EFBC}") = "ConsumeWebService", "ConsumeWebService\ConsumeWebService.csproj", "{B96BE1E7-A03F-4B01-A35D-17BF298FE135}"
	ProjectSection(ProjectDependencies) = postProject
		{5DCF0868-71FC-4661-A696-88B252EEBB55} = {5DCF0868-71FC-4661-A696-88B252EEBB55}
	EndProjectSection
EndProject
Project("{FAE04EC0-301F-11D3-BF4B-00C04F79EFBC}") = "WcfWebService", "WcfWebService\WcfWebService.csproj", "{5DCF0868-71FC-4661-A696-88B252EEBB55}"
EndProject
Project("{FAE04EC0-301F-11D3-BF4B-00C04F79EFBC}") = "ConsumeXML", "ConsumeXML\ConsumeXML.csproj", "{68CDE974-264B-4EA0-96B4-D65F4CFA6387}"
EndProject
Project("{FAE04EC0-301F-11D3-BF4B-00C04F79EFBC}") = "ConsumeXML2", "ConsumeXML2\ConsumeXML2.csproj", "{59629F2F-A432-4BB3-8C57-8A80C70FD3EE}"
EndProject
Project("{2150E333-8FDC-42A3-9474-1A3956D46DE8}") = "ImplementDataAccess", "ImplementDataAccess", "{550889A2-3D9F-40B3-9041-7DD7CA3857E2}"
EndProject
Project("{2150E333-8FDC-42A3-9474-1A3956D46DE8}") = "LINQ", "LINQ", "{0B626446-758D-4AC1-B0C6-02D9E4A49958}"
EndProject
Project("{FAE04EC0-301F-11D3-BF4B-00C04F79EFBC}") = "Features", "Features\Features.csproj", "{B7610B0E-D05B-4C93-9186-9AE36BD11033}"
EndProject
Project("{FAE04EC0-301F-11D3-BF4B-00C04F79EFBC}") = "Joins", "Joins\Joins.csproj", "{A53E9CD6-CDFC-4E43-A9F3-777E78F82B57}"
EndProject
Global
	GlobalSection(SolutionConfigurationPlatforms) = preSolution
		Debug|Any CPU = Debug|Any CPU
		Release|Any CPU = Release|Any CPU
	EndGlobalSection
	GlobalSection(ProjectConfigurationPlatforms) = postSolution
		{92EE6FBE-908C-4F18-B044-7CED6D2CE3A2}.Debug|Any CPU.ActiveCfg = Debug|Any CPU
		{92EE6FBE-908C-4F18-B044-7CED6D2CE3A2}.Debug|Any CPU.Build.0 = Debug|Any CPU
		{92EE6FBE-908C-4F18-B044-7CED6D2CE3A2}.Release|Any CPU.ActiveCfg = Release|Any CPU
		{92EE6FBE-908C-4F18-B044-7CED6D2CE3A2}.Release|Any CPU.Build.0 = Release|Any CPU
		{31FBB60B-A875-4D46-84C1-279B128F42D2}.Debug|Any CPU.ActiveCfg = Debug|Any CPU
		{31FBB60B-A875-4D46-84C1-279B128F42D2}.Debug|Any CPU.Build.0 = Debug|Any CPU
		{31FBB60B-A875-4D46-84C1-279B128F42D2}.Release|Any CPU.ActiveCfg = Release|Any CPU
		{31FBB60B-A875-4D46-84C1-279B128F42D2}.Release|Any CPU.Build.0 = Release|Any CPU
		{B488DDE0-8B0E-4A54-9499-DC210CAFF119}.Debug|Any CPU.ActiveCfg = Debug|Any CPU
		{B488DDE0-8B0E-4A54-9499-DC210CAFF119}.Debug|Any CPU.Build.0 = Debug|Any CPU
		{B488DDE0-8B0E-4A54-9499-DC210CAFF119}.Release|Any CPU.ActiveCfg = Release|Any CPU
		{B488DDE0-8B0E-4A54-9499-DC210CAFF119}.Release|Any CPU.Build.0 = Release|Any CPU
		{9DE62F93-448C-4BC0-9CD2-D21D4CDF4566}.Debug|Any CPU.ActiveCfg = Debug|Any CPU
		{9DE62F93-448C-4BC0-9CD2-D21D4CDF4566}.Debug|Any CPU.Build.0 = Debug|Any CPU
		{9DE62F93-448C-4BC0-9CD2-D21D4CDF4566}.Release|Any CPU.ActiveCfg = Release|Any CPU
		{9DE62F93-448C-4BC0-9CD2-D21D4CDF4566}.Release|Any CPU.Build.0 = Release|Any CPU
		{DBFCEA07-5184-4D2B-BD58-FB0A568EF479}.Debug|Any CPU.ActiveCfg = Debug|Any CPU
		{DBFCEA07-5184-4D2B-BD58-FB0A568EF479}.Debug|Any CPU.Build.0 = Debug|Any CPU
		{DBFCEA07-5184-4D2B-BD58-FB0A568EF479}.Release|Any CPU.ActiveCfg = Release|Any CPU
		{DBFCEA07-5184-4D2B-BD58-FB0A568EF479}.Release|Any CPU.Build.0 = Release|Any CPU
		{31457C8A-F956-4DD5-8F73-B630D5A4DF0B}.Debug|Any CPU.ActiveCfg = Debug|Any CPU
		{31457C8A-F956-4DD5-8F73-B630D5A4DF0B}.Debug|Any CPU.Build.0 = Debug|Any CPU
		{31457C8A-F956-4DD5-8F73-B630D5A4DF0B}.Release|Any CPU.ActiveCfg = Release|Any CPU
		{31457C8A-F956-4DD5-8F73-B630D5A4DF0B}.Release|Any CPU.Build.0 = Release|Any CPU
		{25473A51-13D6-4413-B887-CBBD36B5FBEF}.Debug|Any CPU.ActiveCfg = Debug|Any CPU
		{25473A51-13D6-4413-B887-CBBD36B5FBEF}.Debug|Any CPU.Build.0 = Debug|Any CPU
		{25473A51-13D6-4413-B887-CBBD36B5FBEF}.Release|Any CPU.ActiveCfg = Release|Any CPU
		{25473A51-13D6-4413-B887-CBBD36B5FBEF}.Release|Any CPU.Build.0 = Release|Any CPU
		{793FDE8B-E55B-49EB-8D39-1D1087BBC924}.Debug|Any CPU.ActiveCfg = Debug|Any CPU
		{793FDE8B-E55B-49EB-8D39-1D1087BBC924}.Debug|Any CPU.Build.0 = Debug|Any CPU
		{793FDE8B-E55B-49EB-8D39-1D1087BBC924}.Release|Any CPU.ActiveCfg = Release|Any CPU
		{793FDE8B-E55B-49EB-8D39-1D1087BBC924}.Release|Any CPU.Build.0 = Release|Any CPU
		{AA401428-974C-460F-9358-0B687E96157C}.Debug|Any CPU.ActiveCfg = Debug|Any CPU
		{AA401428-974C-460F-9358-0B687E96157C}.Debug|Any CPU.Build.0 = Debug|Any CPU
		{AA401428-974C-460F-9358-0B687E96157C}.Release|Any CPU.ActiveCfg = Release|Any CPU
		{AA401428-974C-460F-9358-0B687E96157C}.Release|Any CPU.Build.0 = Release|Any CPU
		{22C52140-5165-4816-81DC-B225EFD0817D}.Debug|Any CPU.ActiveCfg = Debug|Any CPU
		{22C52140-5165-4816-81DC-B225EFD0817D}.Debug|Any CPU.Build.0 = Debug|Any CPU
		{22C52140-5165-4816-81DC-B225EFD0817D}.Release|Any CPU.ActiveCfg = Release|Any CPU
		{22C52140-5165-4816-81DC-B225EFD0817D}.Release|Any CPU.Build.0 = Release|Any CPU
		{1FCC8305-C58F-451B-B858-30BF1920BE8C}.Debug|Any CPU.ActiveCfg = Debug|Any CPU
		{1FCC8305-C58F-451B-B858-30BF1920BE8C}.Debug|Any CPU.Build.0 = Debug|Any CPU
		{1FCC8305-C58F-451B-B858-30BF1920BE8C}.Release|Any CPU.ActiveCfg = Release|Any CPU
		{1FCC8305-C58F-451B-B858-30BF1920BE8C}.Release|Any CPU.Build.0 = Release|Any CPU
		{6CD1A252-F3DB-4FA5-A5B5-A918F09022DB}.Debug|Any CPU.ActiveCfg = Debug|Any CPU
		{6CD1A252-F3DB-4FA5-A5B5-A918F09022DB}.Debug|Any CPU.Build.0 = Debug|Any CPU
		{6CD1A252-F3DB-4FA5-A5B5-A918F09022DB}.Release|Any CPU.ActiveCfg = Release|Any CPU
		{6CD1A252-F3DB-4FA5-A5B5-A918F09022DB}.Release|Any CPU.Build.0 = Release|Any CPU
		{970378F5-FCDA-454F-AB9A-F73D5E1282B1}.Debug|Any CPU.ActiveCfg = Debug|Any CPU
		{970378F5-FCDA-454F-AB9A-F73D5E1282B1}.Debug|Any CPU.Build.0 = Debug|Any CPU
		{970378F5-FCDA-454F-AB9A-F73D5E1282B1}.Release|Any CPU.ActiveCfg = Release|Any CPU
		{970378F5-FCDA-454F-AB9A-F73D5E1282B1}.Release|Any CPU.Build.0 = Release|Any CPU
		{3A33E0D8-13DB-44EE-B82E-0D9B5323C564}.Debug|Any CPU.ActiveCfg = Debug|Any CPU
		{3A33E0D8-13DB-44EE-B82E-0D9B5323C564}.Debug|Any CPU.Build.0 = Debug|Any CPU
		{3A33E0D8-13DB-44EE-B82E-0D9B5323C564}.Release|Any CPU.ActiveCfg = Release|Any CPU
		{3A33E0D8-13DB-44EE-B82E-0D9B5323C564}.Release|Any CPU.Build.0 = Release|Any CPU
		{69446A7F-E2BB-45AD-A93F-7D14FA39BD37}.Debug|Any CPU.ActiveCfg = Debug|Any CPU
		{69446A7F-E2BB-45AD-A93F-7D14FA39BD37}.Debug|Any CPU.Build.0 = Debug|Any CPU
		{69446A7F-E2BB-45AD-A93F-7D14FA39BD37}.Release|Any CPU.ActiveCfg = Release|Any CPU
		{69446A7F-E2BB-45AD-A93F-7D14FA39BD37}.Release|Any CPU.Build.0 = Release|Any CPU
		{9772C923-B708-48B3-986E-EA9690521702}.Debug|Any CPU.ActiveCfg = Debug|Any CPU
		{9772C923-B708-48B3-986E-EA9690521702}.Debug|Any CPU.Build.0 = Debug|Any CPU
		{9772C923-B708-48B3-986E-EA9690521702}.Release|Any CPU.ActiveCfg = Release|Any CPU
		{9772C923-B708-48B3-986E-EA9690521702}.Release|Any CPU.Build.0 = Release|Any CPU
		{A0F3112F-36BF-462B-A2D8-42FD359816AB}.Debug|Any CPU.ActiveCfg = Debug|Any CPU
		{A0F3112F-36BF-462B-A2D8-42FD359816AB}.Debug|Any CPU.Build.0 = Debug|Any CPU
		{A0F3112F-36BF-462B-A2D8-42FD359816AB}.Release|Any CPU.ActiveCfg = Release|Any CPU
		{A0F3112F-36BF-462B-A2D8-42FD359816AB}.Release|Any CPU.Build.0 = Release|Any CPU
		{B96BE1E7-A03F-4B01-A35D-17BF298FE135}.Debug|Any CPU.ActiveCfg = Debug|Any CPU
		{B96BE1E7-A03F-4B01-A35D-17BF298FE135}.Debug|Any CPU.Build.0 = Debug|Any CPU
		{B96BE1E7-A03F-4B01-A35D-17BF298FE135}.Release|Any CPU.ActiveCfg = Release|Any CPU
		{B96BE1E7-A03F-4B01-A35D-17BF298FE135}.Release|Any CPU.Build.0 = Release|Any CPU
		{5DCF0868-71FC-4661-A696-88B252EEBB55}.Debug|Any CPU.ActiveCfg = Debug|Any CPU
		{5DCF0868-71FC-4661-A696-88B252EEBB55}.Debug|Any CPU.Build.0 = Debug|Any CPU
		{5DCF0868-71FC-4661-A696-88B252EEBB55}.Release|Any CPU.ActiveCfg = Release|Any CPU
		{5DCF0868-71FC-4661-A696-88B252EEBB55}.Release|Any CPU.Build.0 = Release|Any CPU
		{68CDE974-264B-4EA0-96B4-D65F4CFA6387}.Debug|Any CPU.ActiveCfg = Debug|Any CPU
		{68CDE974-264B-4EA0-96B4-D65F4CFA6387}.Debug|Any CPU.Build.0 = Debug|Any CPU
		{68CDE974-264B-4EA0-96B4-D65F4CFA6387}.Release|Any CPU.ActiveCfg = Release|Any CPU
		{68CDE974-264B-4EA0-96B4-D65F4CFA6387}.Release|Any CPU.Build.0 = Release|Any CPU
		{59629F2F-A432-4BB3-8C57-8A80C70FD3EE}.Debug|Any CPU.ActiveCfg = Debug|Any CPU
		{59629F2F-A432-4BB3-8C57-8A80C70FD3EE}.Debug|Any CPU.Build.0 = Debug|Any CPU
		{59629F2F-A432-4BB3-8C57-8A80C70FD3EE}.Release|Any CPU.ActiveCfg = Release|Any CPU
		{59629F2F-A432-4BB3-8C57-8A80C70FD3EE}.Release|Any CPU.Build.0 = Release|Any CPU
		{B7610B0E-D05B-4C93-9186-9AE36BD11033}.Debug|Any CPU.ActiveCfg = Debug|Any CPU
		{B7610B0E-D05B-4C93-9186-9AE36BD11033}.Debug|Any CPU.Build.0 = Debug|Any CPU
		{B7610B0E-D05B-4C93-9186-9AE36BD11033}.Release|Any CPU.ActiveCfg = Release|Any CPU
		{B7610B0E-D05B-4C93-9186-9AE36BD11033}.Release|Any CPU.Build.0 = Release|Any CPU
		{A53E9CD6-CDFC-4E43-A9F3-777E78F82B57}.Debug|Any CPU.ActiveCfg = Debug|Any CPU
		{A53E9CD6-CDFC-4E43-A9F3-777E78F82B57}.Debug|Any CPU.Build.0 = Debug|Any CPU
		{A53E9CD6-CDFC-4E43-A9F3-777E78F82B57}.Release|Any CPU.ActiveCfg = Release|Any CPU
		{A53E9CD6-CDFC-4E43-A9F3-777E78F82B57}.Release|Any CPU.Build.0 = Release|Any CPU
	EndGlobalSection
	GlobalSection(SolutionProperties) = preSolution
		HideSolutionNode = FALSE
	EndGlobalSection
	GlobalSection(NestedProjects) = preSolution
		{92EE6FBE-908C-4F18-B044-7CED6D2CE3A2} = {6FCF9FCB-BA92-4006-BAC3-32F6D4EF73DD}
		{31FBB60B-A875-4D46-84C1-279B128F42D2} = {8236DE8B-F2A3-4064-8095-BFC170215BCB}
		{B488DDE0-8B0E-4A54-9499-DC210CAFF119} = {AE8B3B19-AB53-40F9-8C87-CC54D3FE428F}
		{9DE62F93-448C-4BC0-9CD2-D21D4CDF4566} = {AE8B3B19-AB53-40F9-8C87-CC54D3FE428F}
		{DBFCEA07-5184-4D2B-BD58-FB0A568EF479} = {AE8B3B19-AB53-40F9-8C87-CC54D3FE428F}
		{31457C8A-F956-4DD5-8F73-B630D5A4DF0B} = {EA8067E5-D38E-42B6-B4E3-97FF79398D52}
		{25473A51-13D6-4413-B887-CBBD36B5FBEF} = {EA8067E5-D38E-42B6-B4E3-97FF79398D52}
		{793FDE8B-E55B-49EB-8D39-1D1087BBC924} = {E1EB7335-CAA7-4E98-A48E-C0D32DCC9E76}
		{D1E8AE00-A7DD-4CBE-90D2-A97B3DEFBABB} = {3A58CB87-CCC1-4F18-828C-1DB612158A55}
		{44D73184-6F0B-4D29-A034-925B2637EEEF} = {3A58CB87-CCC1-4F18-828C-1DB612158A55}
		{AA401428-974C-460F-9358-0B687E96157C} = {D1E8AE00-A7DD-4CBE-90D2-A97B3DEFBABB}
		{22C52140-5165-4816-81DC-B225EFD0817D} = {44D73184-6F0B-4D29-A034-925B2637EEEF}
		{1FCC8305-C58F-451B-B858-30BF1920BE8C} = {6761D87E-77F5-4F1B-B931-5528FDCBB373}
		{6CD1A252-F3DB-4FA5-A5B5-A918F09022DB} = {6761D87E-77F5-4F1B-B931-5528FDCBB373}
		{970378F5-FCDA-454F-AB9A-F73D5E1282B1} = {6761D87E-77F5-4F1B-B931-5528FDCBB373}
		{3A33E0D8-13DB-44EE-B82E-0D9B5323C564} = {6761D87E-77F5-4F1B-B931-5528FDCBB373}
		{EA3106E0-B45A-4ECC-863A-386C58B2E340} = {6761D87E-77F5-4F1B-B931-5528FDCBB373}
		{E1D0A821-7738-46ED-962E-7ABBF9D0E963} = {6761D87E-77F5-4F1B-B931-5528FDCBB373}
		{69446A7F-E2BB-45AD-A93F-7D14FA39BD37} = {EA3106E0-B45A-4ECC-863A-386C58B2E340}
		{9772C923-B708-48B3-986E-EA9690521702} = {EA3106E0-B45A-4ECC-863A-386C58B2E340}
		{A0F3112F-36BF-462B-A2D8-42FD359816AB} = {E1D0A821-7738-46ED-962E-7ABBF9D0E963}
		{B96BE1E7-A03F-4B01-A35D-17BF298FE135} = {E1D0A821-7738-46ED-962E-7ABBF9D0E963}
		{5DCF0868-71FC-4661-A696-88B252EEBB55} = {E1D0A821-7738-46ED-962E-7ABBF9D0E963}
		{68CDE974-264B-4EA0-96B4-D65F4CFA6387} = {E1D0A821-7738-46ED-962E-7ABBF9D0E963}
		{59629F2F-A432-4BB3-8C57-8A80C70FD3EE} = {E1D0A821-7738-46ED-962E-7ABBF9D0E963}
		{0B626446-758D-4AC1-B0C6-02D9E4A49958} = {550889A2-3D9F-40B3-9041-7DD7CA3857E2}
		{B7610B0E-D05B-4C93-9186-9AE36BD11033} = {0B626446-758D-4AC1-B0C6-02D9E4A49958}
		{A53E9CD6-CDFC-4E43-A9F3-777E78F82B57} = {0B626446-758D-4AC1-B0C6-02D9E4A49958}
	EndGlobalSection
EndGlobal
